
Microsoft Visual Studio Solution File, Format Version 12.00
# Visual Studio 2012
Project("{8BC9CEB8-8B4A-11D0-8D11-00A0C91BC942}") = "DetectLines", "DetectLines\DetectLines.vcxproj", "{A9A76004-04B7-4C30-A8D3-92F07ADB78C7}"
EndProject
Project("{8BC9CEB8-8B4A-11D0-8D11-00A0C91BC942}") = "ImageAnnotator", "ImageAnnotator\ImageAnnotator.vcxproj", "{E9123949-05D7-442C-9DC8-44AABE1F13FA}"
EndProject
Project("{8BC9CEB8-8B4A-11D0-8D11-00A0C91BC942}") = "HumanDetectTest", "HumanDetect\HumanDetect.vcxproj", "{17F027AB-1653-456A-846D-52D08CEAB79D}"
EndProject
Project("{8BC9CEB8-8B4A-11D0-8D11-00A0C91BC942}") = "TrackPlayers", "TrackPlayers\TrackPlayers.vcxproj", "{CF51F5D3-A9FC-4FE4-BECC-C5B75034DE31}"
EndProject
Global
	GlobalSection(SolutionConfigurationPlatforms) = preSolution
		Debug|Any CPU = Debug|Any CPU
		Debug|Win32 = Debug|Win32
		Release|Any CPU = Release|Any CPU
		Release|Win32 = Release|Win32
	EndGlobalSection
	GlobalSection(ProjectConfigurationPlatforms) = postSolution
		{A9A76004-04B7-4C30-A8D3-92F07ADB78C7}.Debug|Any CPU.ActiveCfg = Debug|Win32
		{A9A76004-04B7-4C30-A8D3-92F07ADB78C7}.Debug|Win32.ActiveCfg = Debug|Win32
		{A9A76004-04B7-4C30-A8D3-92F07ADB78C7}.Debug|Win32.Build.0 = Debug|Win32
		{A9A76004-04B7-4C30-A8D3-92F07ADB78C7}.Release|Any CPU.ActiveCfg = Release|Win32
		{A9A76004-04B7-4C30-A8D3-92F07ADB78C7}.Release|Win32.ActiveCfg = Release|Win32
		{A9A76004-04B7-4C30-A8D3-92F07ADB78C7}.Release|Win32.Build.0 = Release|Win32
		{E9123949-05D7-442C-9DC8-44AABE1F13FA}.Debug|Any CPU.ActiveCfg = Debug|Win32
		{E9123949-05D7-442C-9DC8-44AABE1F13FA}.Debug|Win32.ActiveCfg = Debug|Win32
		{E9123949-05D7-442C-9DC8-44AABE1F13FA}.Debug|Win32.Build.0 = Debug|Win32
		{E9123949-05D7-442C-9DC8-44AABE1F13FA}.Release|Any CPU.ActiveCfg = Release|Win32
		{E9123949-05D7-442C-9DC8-44AABE1F13FA}.Release|Win32.ActiveCfg = Release|Win32
		{E9123949-05D7-442C-9DC8-44AABE1F13FA}.Release|Win32.Build.0 = Release|Win32
		{17F027AB-1653-456A-846D-52D08CEAB79D}.Debug|Any CPU.ActiveCfg = Debug|Win32
		{17F027AB-1653-456A-846D-52D08CEAB79D}.Debug|Win32.ActiveCfg = Debug|Win32
		{17F027AB-1653-456A-846D-52D08CEAB79D}.Debug|Win32.Build.0 = Debug|Win32
		{17F027AB-1653-456A-846D-52D08CEAB79D}.Release|Any CPU.ActiveCfg = Release|Win32
		{17F027AB-1653-456A-846D-52D08CEAB79D}.Release|Win32.ActiveCfg = Release|Win32
		{17F027AB-1653-456A-846D-52D08CEAB79D}.Release|Win32.Build.0 = Release|Win32
		{CF51F5D3-A9FC-4FE4-BECC-C5B75034DE31}.Debug|Any CPU.ActiveCfg = Debug|Win32
		{CF51F5D3-A9FC-4FE4-BECC-C5B75034DE31}.Debug|Win32.ActiveCfg = Debug|Win32
		{CF51F5D3-A9FC-4FE4-BECC-C5B75034DE31}.Debug|Win32.Build.0 = Debug|Win32
		{CF51F5D3-A9FC-4FE4-BECC-C5B75034DE31}.Release|Any CPU.ActiveCfg = Release|Win32
		{CF51F5D3-A9FC-4FE4-BECC-C5B75034DE31}.Release|Win32.ActiveCfg = Release|Win32
		{CF51F5D3-A9FC-4FE4-BECC-C5B75034DE31}.Release|Win32.Build.0 = Release|Win32
	EndGlobalSection
	GlobalSection(SolutionProperties) = preSolution
		HideSolutionNode = FALSE
	EndGlobalSection
	GlobalSection(ExtensibilityGlobals) = postSolution
		SolutionGuid = {C4271E20-47FE-457C-B444-EE1303592F47}
	EndGlobalSection
EndGlobal
